
Microsoft Visual Studio Solution File, Format Version 12.00
# Visual Studio 15
VisualStudioVersion = 15.0.26730.12
MinimumVisualStudioVersion = 10.0.40219.1
Project("{FAE04EC0-301F-11D3-BF4B-00C04F79EFBC}") = "SHA1", "SHA1\SHA1\SHA1.csproj", "{52389D3F-752A-43A3-AD03-658398E0B676}"
EndProject
Project("{FAE04EC0-301F-11D3-BF4B-00C04F79EFBC}") = "Digital Signature", "Digital Signature\Digital Signature.csproj", "{EE0BB05A-826D-413A-BD95-132E873F44C1}"
EndProject
Global
	GlobalSection(SolutionConfigurationPlatforms) = preSolution
		Debug|Any CPU = Debug|Any CPU
		Release|Any CPU = Release|Any CPU
	EndGlobalSection
	GlobalSection(ProjectConfigurationPlatforms) = postSolution
		{52389D3F-752A-43A3-AD03-658398E0B676}.Debug|Any CPU.ActiveCfg = Debug|Any CPU
		{52389D3F-752A-43A3-AD03-658398E0B676}.Debug|Any CPU.Build.0 = Debug|Any CPU
		{52389D3F-752A-43A3-AD03-658398E0B676}.Release|Any CPU.ActiveCfg = Release|Any CPU
		{52389D3F-752A-43A3-AD03-658398E0B676}.Release|Any CPU.Build.0 = Release|Any CPU
		{EE0BB05A-826D-413A-BD95-132E873F44C1}.Debug|Any CPU.ActiveCfg = Debug|Any CPU
		{EE0BB05A-826D-413A-BD95-132E873F44C1}.Debug|Any CPU.Build.0 = Debug|Any CPU
		{EE0BB05A-826D-413A-BD95-132E873F44C1}.Release|Any CPU.ActiveCfg = Release|Any CPU
		{EE0BB05A-826D-413A-BD95-132E873F44C1}.Release|Any CPU.Build.0 = Release|Any CPU
	EndGlobalSection
	GlobalSection(SolutionProperties) = preSolution
		HideSolutionNode = FALSE
	EndGlobalSection
	GlobalSection(ExtensibilityGlobals) = postSolution
		SolutionGuid = {56DC59AB-D17D-406D-B866-399E8F8BD70A}
	EndGlobalSection
EndGlobal
